
Microsoft Visual Studio Solution File, Format Version 12.00
# Visual Studio 14
VisualStudioVersion = 14.0.25420.1
MinimumVisualStudioVersion = 10.0.40219.1
Project("{FAE04EC0-301F-11D3-BF4B-00C04F79EFBC}") = "SukimaNote", "SukimaNote\SukimaNote\SukimaNote.csproj", "{402A020C-77EF-460D-AB90-DCA4890AAEF1}"
EndProject
Project("{FAE04EC0-301F-11D3-BF4B-00C04F79EFBC}") = "SukimaNote.Droid", "SukimaNote\SukimaNote.Droid\SukimaNote.Droid.csproj", "{D091D3E1-6A6F-48AF-B233-DA631D60A121}"
EndProject
Project("{FAE04EC0-301F-11D3-BF4B-00C04F79EFBC}") = "SukimaNote.iOS", "SukimaNote\SukimaNote.iOS\SukimaNote.iOS.csproj", "{8FCC95CA-22FA-4528-A47C-1D70C2C39D6F}"
EndProject
Global
	GlobalSection(SolutionConfigurationPlatforms) = preSolution
		Ad-Hoc|Any CPU = Ad-Hoc|Any CPU
		Ad-Hoc|iPhone = Ad-Hoc|iPhone
		Ad-Hoc|iPhoneSimulator = Ad-Hoc|iPhoneSimulator
		AppStore|Any CPU = AppStore|Any CPU
		AppStore|iPhone = AppStore|iPhone
		AppStore|iPhoneSimulator = AppStore|iPhoneSimulator
		Debug|Any CPU = Debug|Any CPU
		Debug|iPhone = Debug|iPhone
		Debug|iPhoneSimulator = Debug|iPhoneSimulator
		Release|Any CPU = Release|Any CPU
		Release|iPhone = Release|iPhone
		Release|iPhoneSimulator = Release|iPhoneSimulator
	EndGlobalSection
	GlobalSection(ProjectConfigurationPlatforms) = postSolution
		{402A020C-77EF-460D-AB90-DCA4890AAEF1}.Ad-Hoc|Any CPU.ActiveCfg = Release|Any CPU
		{402A020C-77EF-460D-AB90-DCA4890AAEF1}.Ad-Hoc|Any CPU.Build.0 = Release|Any CPU
		{402A020C-77EF-460D-AB90-DCA4890AAEF1}.Ad-Hoc|iPhone.ActiveCfg = Release|Any CPU
		{402A020C-77EF-460D-AB90-DCA4890AAEF1}.Ad-Hoc|iPhone.Build.0 = Release|Any CPU
		{402A020C-77EF-460D-AB90-DCA4890AAEF1}.Ad-Hoc|iPhoneSimulator.ActiveCfg = Release|Any CPU
		{402A020C-77EF-460D-AB90-DCA4890AAEF1}.Ad-Hoc|iPhoneSimulator.Build.0 = Release|Any CPU
		{402A020C-77EF-460D-AB90-DCA4890AAEF1}.AppStore|Any CPU.ActiveCfg = Release|Any CPU
		{402A020C-77EF-460D-AB90-DCA4890AAEF1}.AppStore|Any CPU.Build.0 = Release|Any CPU
		{402A020C-77EF-460D-AB90-DCA4890AAEF1}.AppStore|iPhone.ActiveCfg = Release|Any CPU
		{402A020C-77EF-460D-AB90-DCA4890AAEF1}.AppStore|iPhone.Build.0 = Release|Any CPU
		{402A020C-77EF-460D-AB90-DCA4890AAEF1}.AppStore|iPhoneSimulator.ActiveCfg = Release|Any CPU
		{402A020C-77EF-460D-AB90-DCA4890AAEF1}.AppStore|iPhoneSimulator.Build.0 = Release|Any CPU
		{402A020C-77EF-460D-AB90-DCA4890AAEF1}.Debug|Any CPU.ActiveCfg = Debug|Any CPU
		{402A020C-77EF-460D-AB90-DCA4890AAEF1}.Debug|Any CPU.Build.0 = Debug|Any CPU
		{402A020C-77EF-460D-AB90-DCA4890AAEF1}.Debug|iPhone.ActiveCfg = Debug|Any CPU
		{402A020C-77EF-460D-AB90-DCA4890AAEF1}.Debug|iPhone.Build.0 = Debug|Any CPU
		{402A020C-77EF-460D-AB90-DCA4890AAEF1}.Debug|iPhoneSimulator.ActiveCfg = Debug|Any CPU
		{402A020C-77EF-460D-AB90-DCA4890AAEF1}.Debug|iPhoneSimulator.Build.0 = Debug|Any CPU
		{402A020C-77EF-460D-AB90-DCA4890AAEF1}.Release|Any CPU.ActiveCfg = Release|Any CPU
		{402A020C-77EF-460D-AB90-DCA4890AAEF1}.Release|Any CPU.Build.0 = Release|Any CPU
		{402A020C-77EF-460D-AB90-DCA4890AAEF1}.Release|iPhone.ActiveCfg = Release|Any CPU
		{402A020C-77EF-460D-AB90-DCA4890AAEF1}.Release|iPhone.Build.0 = Release|Any CPU
		{402A020C-77EF-460D-AB90-DCA4890AAEF1}.Release|iPhoneSimulator.ActiveCfg = Release|Any CPU
		{402A020C-77EF-460D-AB90-DCA4890AAEF1}.Release|iPhoneSimulator.Build.0 = Release|Any CPU
		{D091D3E1-6A6F-48AF-B233-DA631D60A121}.Ad-Hoc|Any CPU.ActiveCfg = Release|Any CPU
		{D091D3E1-6A6F-48AF-B233-DA631D60A121}.Ad-Hoc|Any CPU.Build.0 = Release|Any CPU
		{D091D3E1-6A6F-48AF-B233-DA631D60A121}.Ad-Hoc|Any CPU.Deploy.0 = Release|Any CPU
		{D091D3E1-6A6F-48AF-B233-DA631D60A121}.Ad-Hoc|iPhone.ActiveCfg = Release|Any CPU
		{D091D3E1-6A6F-48AF-B233-DA631D60A121}.Ad-Hoc|iPhone.Build.0 = Release|Any CPU
		{D091D3E1-6A6F-48AF-B233-DA631D60A121}.Ad-Hoc|iPhone.Deploy.0 = Release|Any CPU
		{D091D3E1-6A6F-48AF-B233-DA631D60A121}.Ad-Hoc|iPhoneSimulator.ActiveCfg = Release|Any CPU
		{D091D3E1-6A6F-48AF-B233-DA631D60A121}.Ad-Hoc|iPhoneSimulator.Build.0 = Release|Any CPU
		{D091D3E1-6A6F-48AF-B233-DA631D60A121}.Ad-Hoc|iPhoneSimulator.Deploy.0 = Release|Any CPU
		{D091D3E1-6A6F-48AF-B233-DA631D60A121}.AppStore|Any CPU.ActiveCfg = Release|Any CPU
		{D091D3E1-6A6F-48AF-B233-DA631D60A121}.AppStore|Any CPU.Build.0 = Release|Any CPU
		{D091D3E1-6A6F-48AF-B233-DA631D60A121}.AppStore|Any CPU.Deploy.0 = Release|Any CPU
		{D091D3E1-6A6F-48AF-B233-DA631D60A121}.AppStore|iPhone.ActiveCfg = Release|Any CPU
		{D091D3E1-6A6F-48AF-B233-DA631D60A121}.AppStore|iPhone.Build.0 = Release|Any CPU
		{D091D3E1-6A6F-48AF-B233-DA631D60A121}.AppStore|iPhone.Deploy.0 = Release|Any CPU
		{D091D3E1-6A6F-48AF-B233-DA631D60A121}.AppStore|iPhoneSimulator.ActiveCfg = Release|Any CPU
		{D091D3E1-6A6F-48AF-B233-DA631D60A121}.AppStore|iPhoneSimulator.Build.0 = Release|Any CPU
		{D091D3E1-6A6F-48AF-B233-DA631D60A121}.AppStore|iPhoneSimulator.Deploy.0 = Release|Any CPU
		{D091D3E1-6A6F-48AF-B233-DA631D60A121}.Debug|Any CPU.ActiveCfg = Debug|Any CPU
		{D091D3E1-6A6F-48AF-B233-DA631D60A121}.Debug|Any CPU.Build.0 = Debug|Any CPU
		{D091D3E1-6A6F-48AF-B233-DA631D60A121}.Debug|Any CPU.Deploy.0 = Debug|Any CPU
		{D091D3E1-6A6F-48AF-B233-DA631D60A121}.Debug|iPhone.ActiveCfg = Debug|Any CPU
		{D091D3E1-6A6F-48AF-B233-DA631D60A121}.Debug|iPhone.Build.0 = Debug|Any CPU
		{D091D3E1-6A6F-48AF-B233-DA631D60A121}.Debug|iPhone.Deploy.0 = Debug|Any CPU
		{D091D3E1-6A6F-48AF-B233-DA631D60A121}.Debug|iPhoneSimulator.ActiveCfg = Debug|Any CPU
		{D091D3E1-6A6F-48AF-B233-DA631D60A121}.Debug|iPhoneSimulator.Build.0 = Debug|Any CPU
		{D091D3E1-6A6F-48AF-B233-DA631D60A121}.Debug|iPhoneSimulator.Deploy.0 = Debug|Any CPU
		{D091D3E1-6A6F-48AF-B233-DA631D60A121}.Release|Any CPU.ActiveCfg = Release|Any CPU
		{D091D3E1-6A6F-48AF-B233-DA631D60A121}.Release|Any CPU.Build.0 = Release|Any CPU
		{D091D3E1-6A6F-48AF-B233-DA631D60A121}.Release|Any CPU.Deploy.0 = Release|Any CPU
		{D091D3E1-6A6F-48AF-B233-DA631D60A121}.Release|iPhone.ActiveCfg = Release|Any CPU
		{D091D3E1-6A6F-48AF-B233-DA631D60A121}.Release|iPhone.Build.0 = Release|Any CPU
		{D091D3E1-6A6F-48AF-B233-DA631D60A121}.Release|iPhone.Deploy.0 = Release|Any CPU
		{D091D3E1-6A6F-48AF-B233-DA631D60A121}.Release|iPhoneSimulator.ActiveCfg = Release|Any CPU
		{D091D3E1-6A6F-48AF-B233-DA631D60A121}.Release|iPhoneSimulator.Build.0 = Release|Any CPU
		{D091D3E1-6A6F-48AF-B233-DA631D60A121}.Release|iPhoneSimulator.Deploy.0 = Release|Any CPU
		{8FCC95CA-22FA-4528-A47C-1D70C2C39D6F}.Ad-Hoc|Any CPU.ActiveCfg = Ad-Hoc|iPhone
		{8FCC95CA-22FA-4528-A47C-1D70C2C39D6F}.Ad-Hoc|iPhone.ActiveCfg = Ad-Hoc|iPhone
		{8FCC95CA-22FA-4528-A47C-1D70C2C39D6F}.Ad-Hoc|iPhone.Build.0 = Ad-Hoc|iPhone
		{8FCC95CA-22FA-4528-A47C-1D70C2C39D6F}.Ad-Hoc|iPhoneSimulator.ActiveCfg = Ad-Hoc|iPhoneSimulator
		{8FCC95CA-22FA-4528-A47C-1D70C2C39D6F}.Ad-Hoc|iPhoneSimulator.Build.0 = Ad-Hoc|iPhoneSimulator
		{8FCC95CA-22FA-4528-A47C-1D70C2C39D6F}.AppStore|Any CPU.ActiveCfg = AppStore|iPhone
		{8FCC95CA-22FA-4528-A47C-1D70C2C39D6F}.AppStore|iPhone.ActiveCfg = AppStore|iPhone
		{8FCC95CA-22FA-4528-A47C-1D70C2C39D6F}.AppStore|iPhone.Build.0 = AppStore|iPhone
		{8FCC95CA-22FA-4528-A47C-1D70C2C39D6F}.AppStore|iPhoneSimulator.ActiveCfg = AppStore|iPhoneSimulator
		{8FCC95CA-22FA-4528-A47C-1D70C2C39D6F}.AppStore|iPhoneSimulator.Build.0 = AppStore|iPhoneSimulator
		{8FCC95CA-22FA-4528-A47C-1D70C2C39D6F}.Debug|Any CPU.ActiveCfg = Debug|iPhone
		{8FCC95CA-22FA-4528-A47C-1D70C2C39D6F}.Debug|iPhone.ActiveCfg = Debug|iPhone
		{8FCC95CA-22FA-4528-A47C-1D70C2C39D6F}.Debug|iPhone.Build.0 = Debug|iPhone
		{8FCC95CA-22FA-4528-A47C-1D70C2C39D6F}.Debug|iPhoneSimulator.ActiveCfg = Debug|iPhoneSimulator
		{8FCC95CA-22FA-4528-A47C-1D70C2C39D6F}.Debug|iPhoneSimulator.Build.0 = Debug|iPhoneSimulator
		{8FCC95CA-22FA-4528-A47C-1D70C2C39D6F}.Release|Any CPU.ActiveCfg = Release|iPhone
		{8FCC95CA-22FA-4528-A47C-1D70C2C39D6F}.Release|iPhone.ActiveCfg = Release|iPhone
		{8FCC95CA-22FA-4528-A47C-1D70C2C39D6F}.Release|iPhone.Build.0 = Release|iPhone
		{8FCC95CA-22FA-4528-A47C-1D70C2C39D6F}.Release|iPhoneSimulator.ActiveCfg = Release|iPhoneSimulator
		{8FCC95CA-22FA-4528-A47C-1D70C2C39D6F}.Release|iPhoneSimulator.Build.0 = Release|iPhoneSimulator
	EndGlobalSection
	GlobalSection(SolutionProperties) = preSolution
		HideSolutionNode = FALSE
	EndGlobalSection
EndGlobal
